// !$*UTF8*$!
{
	archiveVersion = 1;
	classes = {
	};
	objectVersion = 46;
	objects = {

/* Begin PBXBuildFile section */
		38DE198A1946FF2200055B0A /* MKAlphaTrimmedMeanFilter.m in Sources */ = {isa = PBXBuildFile; fileRef = 38DE19891946FF2200055B0A /* MKAlphaTrimmedMeanFilter.m */; };
		38DF9AB31951841B00409BEF /* MKMapViewController.m in Sources */ = {isa = PBXBuildFile; fileRef = 38DF9AB11951841B00409BEF /* MKMapViewController.m */; };
		38DF9AB41951841B00409BEF /* MKMapViewController.xib in Resources */ = {isa = PBXBuildFile; fileRef = 38DF9AB21951841B00409BEF /* MKMapViewController.xib */; };
		38DF9ABA1951A29D00409BEF /* floorMap.png in Resources */ = {isa = PBXBuildFile; fileRef = 38DF9AB91951A29D00409BEF /* floorMap.png */; };
		38DF9ABC1951A65900409BEF /* EWI_HB9_annotated.png in Resources */ = {isa = PBXBuildFile; fileRef = 38DF9ABB1951A65900409BEF /* EWI_HB9_annotated.png */; };
		8E16E4F3B62743AB957F6209 /* libPods.a in Frameworks */ = {isa = PBXBuildFile; fileRef = 4FF182A668664CD0BC8C06AA /* libPods.a */; };
		CD242E67192A63D300DB96B2 /* MKScanViewController.m in Sources */ = {isa = PBXBuildFile; fileRef = CD242E65192A63D300DB96B2 /* MKScanViewController.m */; };
		CD242E68192A63D300DB96B2 /* MKScanViewController.xib in Resources */ = {isa = PBXBuildFile; fileRef = CD242E66192A63D300DB96B2 /* MKScanViewController.xib */; };
		CD242E6B192A6B7E00DB96B2 /* location@2x.png in Resources */ = {isa = PBXBuildFile; fileRef = CD242E6A192A6B7E00DB96B2 /* location@2x.png */; };
		CD242E6D192A6C6F00DB96B2 /* search@2x.png in Resources */ = {isa = PBXBuildFile; fileRef = CD242E6C192A6C6F00DB96B2 /* search@2x.png */; };
		CD242E70192A70C800DB96B2 /* circle.png in Resources */ = {isa = PBXBuildFile; fileRef = CD242E6E192A70C800DB96B2 /* circle.png */; };
		CD242E71192A70C800DB96B2 /* circle@2x.png in Resources */ = {isa = PBXBuildFile; fileRef = CD242E6F192A70C800DB96B2 /* circle@2x.png */; };
		CD242E75192A764B00DB96B2 /* MKBayesian.m in Sources */ = {isa = PBXBuildFile; fileRef = CD242E74192A764B00DB96B2 /* MKBayesian.m */; };
		CD242E87192A7BFC00DB96B2 /* iPad1_dist.txt in Resources */ = {isa = PBXBuildFile; fileRef = CD242E84192A7BFC00DB96B2 /* iPad1_dist.txt */; };
		CD242E88192A7BFC00DB96B2 /* iPad2_dist.txt in Resources */ = {isa = PBXBuildFile; fileRef = CD242E85192A7BFC00DB96B2 /* iPad2_dist.txt */; };
		CD242E89192A7BFC00DB96B2 /* iPhone1_dist.txt in Resources */ = {isa = PBXBuildFile; fileRef = CD242E86192A7BFC00DB96B2 /* iPhone1_dist.txt */; };
		CD2755A11932A21C002998D9 /* MKSettingViewController.m in Sources */ = {isa = PBXBuildFile; fileRef = CD2755A01932A21C002998D9 /* MKSettingViewController.m */; };
		CD2755A31932A2AB002998D9 /* settings@2x.png in Resources */ = {isa = PBXBuildFile; fileRef = CD2755A21932A2AB002998D9 /* settings@2x.png */; };
		CD3C34B9193FB35D00F99532 /* MKSVM.m in Sources */ = {isa = PBXBuildFile; fileRef = CD3C34B8193FB35D00F99532 /* MKSVM.m */; };
		CD3C34BB193FB47100F99532 /* rssi.model in Resources */ = {isa = PBXBuildFile; fileRef = CD3C34BA193FB47100F99532 /* rssi.model */; };
		CD3C34BD193FBD5000F99532 /* svm.cpp in Sources */ = {isa = PBXBuildFile; fileRef = CD3C34BC193FBD5000F99532 /* svm.cpp */; settings = {COMPILER_FLAGS = "-Wall -Wconversion -O3 -fPIC -Wno-sign-conversion"; }; };
		CD8CBE061937817B00356350 /* MKIngredientsViewController.m in Sources */ = {isa = PBXBuildFile; fileRef = CD8CBE041937817B00356350 /* MKIngredientsViewController.m */; };
		CD8CBE071937817B00356350 /* MKIngredientsViewController.xib in Resources */ = {isa = PBXBuildFile; fileRef = CD8CBE051937817B00356350 /* MKIngredientsViewController.xib */; };
		CD8CBE091937B83200356350 /* MKSettingViewController.xib in Resources */ = {isa = PBXBuildFile; fileRef = CD8CBE081937B83200356350 /* MKSettingViewController.xib */; };
		CDA9B3DC19234C8000D37DEE /* MKDateManager.m in Sources */ = {isa = PBXBuildFile; fileRef = CDA9B3DB19234C8000D37DEE /* MKDateManager.m */; };
		CDA9B3DF19235D5900D37DEE /* MKiBeaconManager.m in Sources */ = {isa = PBXBuildFile; fileRef = CDA9B3DE19235D5900D37DEE /* MKiBeaconManager.m */; };
		CDA9B3E119236B7900D37DEE /* CoreLocation.framework in Frameworks */ = {isa = PBXBuildFile; fileRef = CDA9B3E019236B7900D37DEE /* CoreLocation.framework */; };
		CDA9B3E319236B8200D37DEE /* CoreBluetooth.framework in Frameworks */ = {isa = PBXBuildFile; fileRef = CDA9B3E219236B8100D37DEE /* CoreBluetooth.framework */; };
		CDDB2BB91922C33A00DF1C7F /* MKMeasureViewController.m in Sources */ = {isa = PBXBuildFile; fileRef = CDDB2BB71922C33A00DF1C7F /* MKMeasureViewController.m */; };
		CDDB2BBA1922C33A00DF1C7F /* MKMeasureViewController.xib in Resources */ = {isa = PBXBuildFile; fileRef = CDDB2BB81922C33A00DF1C7F /* MKMeasureViewController.xib */; };
		CDDB2BBD1922D09500DF1C7F /* MKFileManager.m in Sources */ = {isa = PBXBuildFile; fileRef = CDDB2BBC1922D09500DF1C7F /* MKFileManager.m */; };
		CDF40226191AB7F700B7A5FF /* Foundation.framework in Frameworks */ = {isa = PBXBuildFile; fileRef = CDF40225191AB7F700B7A5FF /* Foundation.framework */; };
		CDF40228191AB7F700B7A5FF /* CoreGraphics.framework in Frameworks */ = {isa = PBXBuildFile; fileRef = CDF40227191AB7F700B7A5FF /* CoreGraphics.framework */; };
		CDF4022A191AB7F700B7A5FF /* UIKit.framework in Frameworks */ = {isa = PBXBuildFile; fileRef = CDF40229191AB7F700B7A5FF /* UIKit.framework */; };
		CDF40230191AB7F700B7A5FF /* InfoPlist.strings in Resources */ = {isa = PBXBuildFile; fileRef = CDF4022E191AB7F700B7A5FF /* InfoPlist.strings */; };
		CDF40232191AB7F700B7A5FF /* main.m in Sources */ = {isa = PBXBuildFile; fileRef = CDF40231191AB7F700B7A5FF /* main.m */; };
		CDF40236191AB7F700B7A5FF /* MKAppDelegate.m in Sources */ = {isa = PBXBuildFile; fileRef = CDF40235191AB7F700B7A5FF /* MKAppDelegate.m */; };
		CDF40238191AB7F700B7A5FF /* Images.xcassets in Resources */ = {isa = PBXBuildFile; fileRef = CDF40237191AB7F700B7A5FF /* Images.xcassets */; };
		CDF4023F191AB7F700B7A5FF /* XCTest.framework in Frameworks */ = {isa = PBXBuildFile; fileRef = CDF4023E191AB7F700B7A5FF /* XCTest.framework */; };
		CDF40240191AB7F700B7A5FF /* Foundation.framework in Frameworks */ = {isa = PBXBuildFile; fileRef = CDF40225191AB7F700B7A5FF /* Foundation.framework */; };
		CDF40241191AB7F700B7A5FF /* UIKit.framework in Frameworks */ = {isa = PBXBuildFile; fileRef = CDF40229191AB7F700B7A5FF /* UIKit.framework */; };
		CDF40249191AB7F700B7A5FF /* InfoPlist.strings in Resources */ = {isa = PBXBuildFile; fileRef = CDF40247191AB7F700B7A5FF /* InfoPlist.strings */; };
		CDF4024B191AB7F700B7A5FF /* MarktTests.m in Sources */ = {isa = PBXBuildFile; fileRef = CDF4024A191AB7F700B7A5FF /* MarktTests.m */; };
		CDF8309C1928A9760086097E /* MKLocationViewController.m in Sources */ = {isa = PBXBuildFile; fileRef = CDF8309A1928A9760086097E /* MKLocationViewController.m */; };
		CDF8309D1928A9760086097E /* MKLocationViewController.xib in Resources */ = {isa = PBXBuildFile; fileRef = CDF8309B1928A9760086097E /* MKLocationViewController.xib */; };
/* End PBXBuildFile section */

/* Begin PBXContainerItemProxy section */
		CDF40242191AB7F700B7A5FF /* PBXContainerItemProxy */ = {
			isa = PBXContainerItemProxy;
			containerPortal = CDF4021A191AB7F700B7A5FF /* Project object */;
			proxyType = 1;
			remoteGlobalIDString = CDF40221191AB7F700B7A5FF;
			remoteInfo = Markt;
		};
/* End PBXContainerItemProxy section */

/* Begin PBXFileReference section */
		2BCF32A3FFE7448684ACDB18 /* Pods.xcconfig */ = {isa = PBXFileReference; includeInIndex = 1; lastKnownFileType = text.xcconfig; name = Pods.xcconfig; path = Pods/Pods.xcconfig; sourceTree = "<group>"; };
		38DE19881946FF2200055B0A /* MKAlphaTrimmedMeanFilter.h */ = {isa = PBXFileReference; fileEncoding = 4; lastKnownFileType = sourcecode.c.h; name = MKAlphaTrimmedMeanFilter.h; path = Models/MKAlphaTrimmedMeanFilter.h; sourceTree = "<group>"; };
		38DE19891946FF2200055B0A /* MKAlphaTrimmedMeanFilter.m */ = {isa = PBXFileReference; fileEncoding = 4; lastKnownFileType = sourcecode.c.objc; name = MKAlphaTrimmedMeanFilter.m; path = Models/MKAlphaTrimmedMeanFilter.m; sourceTree = "<group>"; };
		38DE198C19470BA500055B0A /* Constants.h */ = {isa = PBXFileReference; fileEncoding = 4; lastKnownFileType = sourcecode.c.h; name = Constants.h; path = Models/Constants.h; sourceTree = "<group>"; };
		38DF9AB01951841B00409BEF /* MKMapViewController.h */ = {isa = PBXFileReference; fileEncoding = 4; lastKnownFileType = sourcecode.c.h; path = MKMapViewController.h; sourceTree = "<group>"; };
		38DF9AB11951841B00409BEF /* MKMapViewController.m */ = {isa = PBXFileReference; fileEncoding = 4; lastKnownFileType = sourcecode.c.objc; path = MKMapViewController.m; sourceTree = "<group>"; };
		38DF9AB21951841B00409BEF /* MKMapViewController.xib */ = {isa = PBXFileReference; fileEncoding = 4; lastKnownFileType = file.xib; path = MKMapViewController.xib; sourceTree = "<group>"; };
		38DF9AB91951A29D00409BEF /* floorMap.png */ = {isa = PBXFileReference; lastKnownFileType = image.png; path = floorMap.png; sourceTree = "<group>"; };
		38DF9ABB1951A65900409BEF /* EWI_HB9_annotated.png */ = {isa = PBXFileReference; lastKnownFileType = image.png; path = EWI_HB9_annotated.png; sourceTree = "<group>"; };
		4FF182A668664CD0BC8C06AA /* libPods.a */ = {isa = PBXFileReference; explicitFileType = archive.ar; includeInIndex = 0; path = libPods.a; sourceTree = BUILT_PRODUCTS_DIR; };
		CD242E64192A63D300DB96B2 /* MKScanViewController.h */ = {isa = PBXFileReference; fileEncoding = 4; lastKnownFileType = sourcecode.c.h; name = MKScanViewController.h; path = Controllers/MKScanViewController.h; sourceTree = "<group>"; };
		CD242E65192A63D300DB96B2 /* MKScanViewController.m */ = {isa = PBXFileReference; fileEncoding = 4; lastKnownFileType = sourcecode.c.objc; name = MKScanViewController.m; path = Controllers/MKScanViewController.m; sourceTree = "<group>"; };
		CD242E66192A63D300DB96B2 /* MKScanViewController.xib */ = {isa = PBXFileReference; fileEncoding = 4; lastKnownFileType = file.xib; name = MKScanViewController.xib; path = Controllers/MKScanViewController.xib; sourceTree = "<group>"; };
		CD242E6A192A6B7E00DB96B2 /* location@2x.png */ = {isa = PBXFileReference; lastKnownFileType = image.png; path = "location@2x.png"; sourceTree = "<group>"; };
		CD242E6C192A6C6F00DB96B2 /* search@2x.png */ = {isa = PBXFileReference; lastKnownFileType = image.png; path = "search@2x.png"; sourceTree = "<group>"; };
		CD242E6E192A70C800DB96B2 /* circle.png */ = {isa = PBXFileReference; lastKnownFileType = image.png; path = circle.png; sourceTree = "<group>"; };
		CD242E6F192A70C800DB96B2 /* circle@2x.png */ = {isa = PBXFileReference; lastKnownFileType = image.png; path = "circle@2x.png"; sourceTree = "<group>"; };
		CD242E73192A764B00DB96B2 /* MKBayesian.h */ = {isa = PBXFileReference; fileEncoding = 4; lastKnownFileType = sourcecode.c.h; name = MKBayesian.h; path = Models/MKBayesian.h; sourceTree = "<group>"; };
		CD242E74192A764B00DB96B2 /* MKBayesian.m */ = {isa = PBXFileReference; fileEncoding = 4; lastKnownFileType = sourcecode.c.objc; name = MKBayesian.m; path = Models/MKBayesian.m; sourceTree = "<group>"; };
		CD242E84192A7BFC00DB96B2 /* iPad1_dist.txt */ = {isa = PBXFileReference; fileEncoding = 4; lastKnownFileType = text; path = iPad1_dist.txt; sourceTree = "<group>"; };
		CD242E85192A7BFC00DB96B2 /* iPad2_dist.txt */ = {isa = PBXFileReference; fileEncoding = 4; lastKnownFileType = text; path = iPad2_dist.txt; sourceTree = "<group>"; };
		CD242E86192A7BFC00DB96B2 /* iPhone1_dist.txt */ = {isa = PBXFileReference; fileEncoding = 4; lastKnownFileType = text; path = iPhone1_dist.txt; sourceTree = "<group>"; };
		CD27559F1932A21C002998D9 /* MKSettingViewController.h */ = {isa = PBXFileReference; fileEncoding = 4; lastKnownFileType = sourcecode.c.h; name = MKSettingViewController.h; path = Controllers/MKSettingViewController.h; sourceTree = "<group>"; };
		CD2755A01932A21C002998D9 /* MKSettingViewController.m */ = {isa = PBXFileReference; fileEncoding = 4; lastKnownFileType = sourcecode.c.objc; name = MKSettingViewController.m; path = Controllers/MKSettingViewController.m; sourceTree = "<group>"; };
		CD2755A21932A2AB002998D9 /* settings@2x.png */ = {isa = PBXFileReference; lastKnownFileType = image.png; path = "settings@2x.png"; sourceTree = "<group>"; };
		CD3C34B7193FB35D00F99532 /* MKSVM.h */ = {isa = PBXFileReference; fileEncoding = 4; lastKnownFileType = sourcecode.c.h; name = MKSVM.h; path = Models/MKSVM.h; sourceTree = "<group>"; };
		CD3C34B8193FB35D00F99532 /* MKSVM.m */ = {isa = PBXFileReference; fileEncoding = 4; lastKnownFileType = sourcecode.c.objc; name = MKSVM.m; path = Models/MKSVM.m; sourceTree = "<group>"; };
		CD3C34BA193FB47100F99532 /* rssi.model */ = {isa = PBXFileReference; lastKnownFileType = text; path = rssi.model; sourceTree = "<group>"; };
		CD3C34BC193FBD5000F99532 /* svm.cpp */ = {isa = PBXFileReference; fileEncoding = 4; lastKnownFileType = sourcecode.cpp.cpp; path = svm.cpp; sourceTree = "<group>"; };
		CD3C34BE193FBD6000F99532 /* svm.h */ = {isa = PBXFileReference; lastKnownFileType = sourcecode.c.h; path = svm.h; sourceTree = "<group>"; };
		CD8CBE031937817B00356350 /* MKIngredientsViewController.h */ = {isa = PBXFileReference; fileEncoding = 4; lastKnownFileType = sourcecode.c.h; name = MKIngredientsViewController.h; path = Controllers/MKIngredientsViewController.h; sourceTree = "<group>"; };
		CD8CBE041937817B00356350 /* MKIngredientsViewController.m */ = {isa = PBXFileReference; fileEncoding = 4; lastKnownFileType = sourcecode.c.objc; name = MKIngredientsViewController.m; path = Controllers/MKIngredientsViewController.m; sourceTree = "<group>"; };
		CD8CBE051937817B00356350 /* MKIngredientsViewController.xib */ = {isa = PBXFileReference; fileEncoding = 4; lastKnownFileType = file.xib; name = MKIngredientsViewController.xib; path = Controllers/MKIngredientsViewController.xib; sourceTree = "<group>"; };
		CD8CBE081937B83200356350 /* MKSettingViewController.xib */ = {isa = PBXFileReference; fileEncoding = 4; lastKnownFileType = file.xib; name = MKSettingViewController.xib; path = Controllers/MKSettingViewController.xib; sourceTree = "<group>"; };
		CDA9B3DA19234C8000D37DEE /* MKDateManager.h */ = {isa = PBXFileReference; fileEncoding = 4; lastKnownFileType = sourcecode.c.h; path = MKDateManager.h; sourceTree = "<group>"; };
		CDA9B3DB19234C8000D37DEE /* MKDateManager.m */ = {isa = PBXFileReference; fileEncoding = 4; lastKnownFileType = sourcecode.c.objc; path = MKDateManager.m; sourceTree = "<group>"; };
		CDA9B3DD19235D5900D37DEE /* MKiBeaconManager.h */ = {isa = PBXFileReference; fileEncoding = 4; lastKnownFileType = sourcecode.c.h; path = MKiBeaconManager.h; sourceTree = "<group>"; };
		CDA9B3DE19235D5900D37DEE /* MKiBeaconManager.m */ = {isa = PBXFileReference; fileEncoding = 4; lastKnownFileType = sourcecode.c.objc; path = MKiBeaconManager.m; sourceTree = "<group>"; };
		CDA9B3E019236B7900D37DEE /* CoreLocation.framework */ = {isa = PBXFileReference; lastKnownFileType = wrapper.framework; name = CoreLocation.framework; path = System/Library/Frameworks/CoreLocation.framework; sourceTree = SDKROOT; };
		CDA9B3E219236B8100D37DEE /* CoreBluetooth.framework */ = {isa = PBXFileReference; lastKnownFileType = wrapper.framework; name = CoreBluetooth.framework; path = System/Library/Frameworks/CoreBluetooth.framework; sourceTree = SDKROOT; };
		CDDB2BB61922C33A00DF1C7F /* MKMeasureViewController.h */ = {isa = PBXFileReference; fileEncoding = 4; lastKnownFileType = sourcecode.c.h; name = MKMeasureViewController.h; path = Controllers/MKMeasureViewController.h; sourceTree = "<group>"; };
		CDDB2BB71922C33A00DF1C7F /* MKMeasureViewController.m */ = {isa = PBXFileReference; fileEncoding = 4; lastKnownFileType = sourcecode.c.objc; name = MKMeasureViewController.m; path = Controllers/MKMeasureViewController.m; sourceTree = "<group>"; };
		CDDB2BB81922C33A00DF1C7F /* MKMeasureViewController.xib */ = {isa = PBXFileReference; fileEncoding = 4; lastKnownFileType = file.xib; name = MKMeasureViewController.xib; path = Controllers/MKMeasureViewController.xib; sourceTree = "<group>"; };
		CDDB2BBB1922D09500DF1C7F /* MKFileManager.h */ = {isa = PBXFileReference; fileEncoding = 4; lastKnownFileType = sourcecode.c.h; path = MKFileManager.h; sourceTree = "<group>"; };
		CDDB2BBC1922D09500DF1C7F /* MKFileManager.m */ = {isa = PBXFileReference; fileEncoding = 4; lastKnownFileType = sourcecode.c.objc; path = MKFileManager.m; sourceTree = "<group>"; };
		CDF40222191AB7F700B7A5FF /* Markt.app */ = {isa = PBXFileReference; explicitFileType = wrapper.application; includeInIndex = 0; path = Markt.app; sourceTree = BUILT_PRODUCTS_DIR; };
		CDF40225191AB7F700B7A5FF /* Foundation.framework */ = {isa = PBXFileReference; lastKnownFileType = wrapper.framework; name = Foundation.framework; path = System/Library/Frameworks/Foundation.framework; sourceTree = SDKROOT; };
		CDF40227191AB7F700B7A5FF /* CoreGraphics.framework */ = {isa = PBXFileReference; lastKnownFileType = wrapper.framework; name = CoreGraphics.framework; path = System/Library/Frameworks/CoreGraphics.framework; sourceTree = SDKROOT; };
		CDF40229191AB7F700B7A5FF /* UIKit.framework */ = {isa = PBXFileReference; lastKnownFileType = wrapper.framework; name = UIKit.framework; path = System/Library/Frameworks/UIKit.framework; sourceTree = SDKROOT; };
		CDF4022D191AB7F700B7A5FF /* Markt-Info.plist */ = {isa = PBXFileReference; lastKnownFileType = text.plist.xml; path = "Markt-Info.plist"; sourceTree = "<group>"; };
		CDF4022F191AB7F700B7A5FF /* en */ = {isa = PBXFileReference; lastKnownFileType = text.plist.strings; name = en; path = en.lproj/InfoPlist.strings; sourceTree = "<group>"; };
		CDF40231191AB7F700B7A5FF /* main.m */ = {isa = PBXFileReference; lastKnownFileType = sourcecode.c.objc; path = main.m; sourceTree = "<group>"; };
		CDF40233191AB7F700B7A5FF /* Markt-Prefix.pch */ = {isa = PBXFileReference; lastKnownFileType = sourcecode.c.h; path = "Markt-Prefix.pch"; sourceTree = "<group>"; };
		CDF40234191AB7F700B7A5FF /* MKAppDelegate.h */ = {isa = PBXFileReference; lastKnownFileType = sourcecode.c.h; path = MKAppDelegate.h; sourceTree = "<group>"; };
		CDF40235191AB7F700B7A5FF /* MKAppDelegate.m */ = {isa = PBXFileReference; lastKnownFileType = sourcecode.c.objc; path = MKAppDelegate.m; sourceTree = "<group>"; };
		CDF40237191AB7F700B7A5FF /* Images.xcassets */ = {isa = PBXFileReference; lastKnownFileType = folder.assetcatalog; path = Images.xcassets; sourceTree = "<group>"; };
		CDF4023D191AB7F700B7A5FF /* MarktTests.xctest */ = {isa = PBXFileReference; explicitFileType = wrapper.cfbundle; includeInIndex = 0; path = MarktTests.xctest; sourceTree = BUILT_PRODUCTS_DIR; };
		CDF4023E191AB7F700B7A5FF /* XCTest.framework */ = {isa = PBXFileReference; lastKnownFileType = wrapper.framework; name = XCTest.framework; path = Library/Frameworks/XCTest.framework; sourceTree = DEVELOPER_DIR; };
		CDF40246191AB7F700B7A5FF /* MarktTests-Info.plist */ = {isa = PBXFileReference; lastKnownFileType = text.plist.xml; path = "MarktTests-Info.plist"; sourceTree = "<group>"; };
		CDF40248191AB7F700B7A5FF /* en */ = {isa = PBXFileReference; lastKnownFileType = text.plist.strings; name = en; path = en.lproj/InfoPlist.strings; sourceTree = "<group>"; };
		CDF4024A191AB7F700B7A5FF /* MarktTests.m */ = {isa = PBXFileReference; lastKnownFileType = sourcecode.c.objc; path = MarktTests.m; sourceTree = "<group>"; };
		CDF830991928A9760086097E /* MKLocationViewController.h */ = {isa = PBXFileReference; fileEncoding = 4; lastKnownFileType = sourcecode.c.h; name = MKLocationViewController.h; path = Controllers/MKLocationViewController.h; sourceTree = "<group>"; };
		CDF8309A1928A9760086097E /* MKLocationViewController.m */ = {isa = PBXFileReference; fileEncoding = 4; lastKnownFileType = sourcecode.c.objc; name = MKLocationViewController.m; path = Controllers/MKLocationViewController.m; sourceTree = "<group>"; };
		CDF8309B1928A9760086097E /* MKLocationViewController.xib */ = {isa = PBXFileReference; fileEncoding = 4; lastKnownFileType = file.xib; name = MKLocationViewController.xib; path = Controllers/MKLocationViewController.xib; sourceTree = "<group>"; };
/* End PBXFileReference section */

/* Begin PBXFrameworksBuildPhase section */
		CDF4021F191AB7F700B7A5FF /* Frameworks */ = {
			isa = PBXFrameworksBuildPhase;
			buildActionMask = 2147483647;
			files = (
				CDA9B3E319236B8200D37DEE /* CoreBluetooth.framework in Frameworks */,
				CDA9B3E119236B7900D37DEE /* CoreLocation.framework in Frameworks */,
				CDF40228191AB7F700B7A5FF /* CoreGraphics.framework in Frameworks */,
				CDF4022A191AB7F700B7A5FF /* UIKit.framework in Frameworks */,
				CDF40226191AB7F700B7A5FF /* Foundation.framework in Frameworks */,
				8E16E4F3B62743AB957F6209 /* libPods.a in Frameworks */,
			);
			runOnlyForDeploymentPostprocessing = 0;
		};
		CDF4023A191AB7F700B7A5FF /* Frameworks */ = {
			isa = PBXFrameworksBuildPhase;
			buildActionMask = 2147483647;
			files = (
				CDF4023F191AB7F700B7A5FF /* XCTest.framework in Frameworks */,
				CDF40241191AB7F700B7A5FF /* UIKit.framework in Frameworks */,
				CDF40240191AB7F700B7A5FF /* Foundation.framework in Frameworks */,
			);
			runOnlyForDeploymentPostprocessing = 0;
		};
/* End PBXFrameworksBuildPhase section */

/* Begin PBXGroup section */
		CD242E69192A6B7300DB96B2 /* Images */ = {
			isa = PBXGroup;
			children = (
				38DF9ABB1951A65900409BEF /* EWI_HB9_annotated.png */,
				38DF9AB91951A29D00409BEF /* floorMap.png */,
				CD2755A21932A2AB002998D9 /* settings@2x.png */,
				CD242E6E192A70C800DB96B2 /* circle.png */,
				CD242E6F192A70C800DB96B2 /* circle@2x.png */,
				CD242E6C192A6C6F00DB96B2 /* search@2x.png */,
				CD242E6A192A6B7E00DB96B2 /* location@2x.png */,
			);
			name = Images;
			sourceTree = "<group>";
		};
		CD242E72192A762600DB96B2 /* Models */ = {
			isa = PBXGroup;
			children = (
				CD242E73192A764B00DB96B2 /* MKBayesian.h */,
				38DE198C19470BA500055B0A /* Constants.h */,
				38DE19881946FF2200055B0A /* MKAlphaTrimmedMeanFilter.h */,
				38DE19891946FF2200055B0A /* MKAlphaTrimmedMeanFilter.m */,
				CD242E74192A764B00DB96B2 /* MKBayesian.m */,
				CD3C34B7193FB35D00F99532 /* MKSVM.h */,
				CD3C34B8193FB35D00F99532 /* MKSVM.m */,
			);
			name = Models;
			sourceTree = "<group>";
		};
		CD242E7D192A7B2900DB96B2 /* Data */ = {
			isa = PBXGroup;
			children = (
				CD3C34BA193FB47100F99532 /* rssi.model */,
				CD242E84192A7BFC00DB96B2 /* iPad1_dist.txt */,
				CD242E85192A7BFC00DB96B2 /* iPad2_dist.txt */,
				CD242E86192A7BFC00DB96B2 /* iPhone1_dist.txt */,
			);
			name = Data;
			path = Markt/Data;
			sourceTree = "<group>";
		};
		CDDB2BB51922C23A00DF1C7F /* Controllers */ = {
			isa = PBXGroup;
			children = (
				CDDB2BB61922C33A00DF1C7F /* MKMeasureViewController.h */,
				CDDB2BB71922C33A00DF1C7F /* MKMeasureViewController.m */,
				CDDB2BB81922C33A00DF1C7F /* MKMeasureViewController.xib */,
				CDF830991928A9760086097E /* MKLocationViewController.h */,
				CDF8309A1928A9760086097E /* MKLocationViewController.m */,
				CDF8309B1928A9760086097E /* MKLocationViewController.xib */,
				CD242E64192A63D300DB96B2 /* MKScanViewController.h */,
				CD242E65192A63D300DB96B2 /* MKScanViewController.m */,
				CD242E66192A63D300DB96B2 /* MKScanViewController.xib */,
				CD27559F1932A21C002998D9 /* MKSettingViewController.h */,
				CD2755A01932A21C002998D9 /* MKSettingViewController.m */,
				CD8CBE081937B83200356350 /* MKSettingViewController.xib */,
				CD8CBE031937817B00356350 /* MKIngredientsViewController.h */,
				CD8CBE041937817B00356350 /* MKIngredientsViewController.m */,
				CD8CBE051937817B00356350 /* MKIngredientsViewController.xib */,
				38DF9AB01951841B00409BEF /* MKMapViewController.h */,
				38DF9AB11951841B00409BEF /* MKMapViewController.m */,
				38DF9AB21951841B00409BEF /* MKMapViewController.xib */,
			);
			name = Controllers;
			sourceTree = "<group>";
		};
		CDF40219191AB7F700B7A5FF = {
			isa = PBXGroup;
			children = (
				CD242E7D192A7B2900DB96B2 /* Data */,
				CDF4022B191AB7F700B7A5FF /* Markt */,
				CDF40244191AB7F700B7A5FF /* MarktTests */,
				CDF40224191AB7F700B7A5FF /* Frameworks */,
				CDF40223191AB7F700B7A5FF /* Products */,
				2BCF32A3FFE7448684ACDB18 /* Pods.xcconfig */,
			);
			sourceTree = "<group>";
		};
		CDF40223191AB7F700B7A5FF /* Products */ = {
			isa = PBXGroup;
			children = (
				CDF40222191AB7F700B7A5FF /* Markt.app */,
				CDF4023D191AB7F700B7A5FF /* MarktTests.xctest */,
			);
			name = Products;
			sourceTree = "<group>";
		};
		CDF40224191AB7F700B7A5FF /* Frameworks */ = {
			isa = PBXGroup;
			children = (
				CD3C34BE193FBD6000F99532 /* svm.h */,
				CD3C34BC193FBD5000F99532 /* svm.cpp */,
				CDA9B3E219236B8100D37DEE /* CoreBluetooth.framework */,
				CDA9B3E019236B7900D37DEE /* CoreLocation.framework */,
				CDF40225191AB7F700B7A5FF /* Foundation.framework */,
				CDF40227191AB7F700B7A5FF /* CoreGraphics.framework */,
				CDF40229191AB7F700B7A5FF /* UIKit.framework */,
				CDF4023E191AB7F700B7A5FF /* XCTest.framework */,
				4FF182A668664CD0BC8C06AA /* libPods.a */,
			);
			name = Frameworks;
			sourceTree = "<group>";
		};
		CDF4022B191AB7F700B7A5FF /* Markt */ = {
			isa = PBXGroup;
			children = (
				CD242E72192A762600DB96B2 /* Models */,
				CDDB2BB51922C23A00DF1C7F /* Controllers */,
				CDF40234191AB7F700B7A5FF /* MKAppDelegate.h */,
				CDF40235191AB7F700B7A5FF /* MKAppDelegate.m */,
				CDF40237191AB7F700B7A5FF /* Images.xcassets */,
				CDF4022C191AB7F700B7A5FF /* Supporting Files */,
				CDDB2BBB1922D09500DF1C7F /* MKFileManager.h */,
				CDDB2BBC1922D09500DF1C7F /* MKFileManager.m */,
				CDA9B3DA19234C8000D37DEE /* MKDateManager.h */,
				CDA9B3DB19234C8000D37DEE /* MKDateManager.m */,
				CDA9B3DD19235D5900D37DEE /* MKiBeaconManager.h */,
				CDA9B3DE19235D5900D37DEE /* MKiBeaconManager.m */,
				CD242E69192A6B7300DB96B2 /* Images */,
			);
			path = Markt;
			sourceTree = "<group>";
		};
		CDF4022C191AB7F700B7A5FF /* Supporting Files */ = {
			isa = PBXGroup;
			children = (
				CDF4022D191AB7F700B7A5FF /* Markt-Info.plist */,
				CDF4022E191AB7F700B7A5FF /* InfoPlist.strings */,
				CDF40231191AB7F700B7A5FF /* main.m */,
				CDF40233191AB7F700B7A5FF /* Markt-Prefix.pch */,
			);
			name = "Supporting Files";
			sourceTree = "<group>";
		};
		CDF40244191AB7F700B7A5FF /* MarktTests */ = {
			isa = PBXGroup;
			children = (
				CDF4024A191AB7F700B7A5FF /* MarktTests.m */,
				CDF40245191AB7F700B7A5FF /* Supporting Files */,
			);
			path = MarktTests;
			sourceTree = "<group>";
		};
		CDF40245191AB7F700B7A5FF /* Supporting Files */ = {
			isa = PBXGroup;
			children = (
				CDF40246191AB7F700B7A5FF /* MarktTests-Info.plist */,
				CDF40247191AB7F700B7A5FF /* InfoPlist.strings */,
			);
			name = "Supporting Files";
			sourceTree = "<group>";
		};
/* End PBXGroup section */

/* Begin PBXNativeTarget section */
		CDF40221191AB7F700B7A5FF /* Markt */ = {
			isa = PBXNativeTarget;
			buildConfigurationList = CDF4024E191AB7F700B7A5FF /* Build configuration list for PBXNativeTarget "Markt" */;
			buildPhases = (
				926612BD358249ACB5BD5F44 /* Check Pods Manifest.lock */,
				CDF4021E191AB7F700B7A5FF /* Sources */,
				CDF4021F191AB7F700B7A5FF /* Frameworks */,
				CDF40220191AB7F700B7A5FF /* Resources */,
				AF153BFD85A946A583DBF36B /* Copy Pods Resources */,
			);
			buildRules = (
			);
			dependencies = (
			);
			name = Markt;
			productName = Markt;
			productReference = CDF40222191AB7F700B7A5FF /* Markt.app */;
			productType = "com.apple.product-type.application";
		};
		CDF4023C191AB7F700B7A5FF /* MarktTests */ = {
			isa = PBXNativeTarget;
			buildConfigurationList = CDF40251191AB7F700B7A5FF /* Build configuration list for PBXNativeTarget "MarktTests" */;
			buildPhases = (
				CDF40239191AB7F700B7A5FF /* Sources */,
				CDF4023A191AB7F700B7A5FF /* Frameworks */,
				CDF4023B191AB7F700B7A5FF /* Resources */,
			);
			buildRules = (
			);
			dependencies = (
				CDF40243191AB7F700B7A5FF /* PBXTargetDependency */,
			);
			name = MarktTests;
			productName = MarktTests;
			productReference = CDF4023D191AB7F700B7A5FF /* MarktTests.xctest */;
			productType = "com.apple.product-type.bundle.unit-test";
		};
/* End PBXNativeTarget section */

/* Begin PBXProject section */
		CDF4021A191AB7F700B7A5FF /* Project object */ = {
			isa = PBXProject;
			attributes = {
				CLASSPREFIX = MK;
				LastUpgradeCheck = 0510;
				ORGANIZATIONNAME = SPS;
				TargetAttributes = {
					CDF4023C191AB7F700B7A5FF = {
						TestTargetID = CDF40221191AB7F700B7A5FF;
					};
				};
			};
			buildConfigurationList = CDF4021D191AB7F700B7A5FF /* Build configuration list for PBXProject "Markt" */;
			compatibilityVersion = "Xcode 3.2";
			developmentRegion = English;
			hasScannedForEncodings = 0;
			knownRegions = (
				en,
			);
			mainGroup = CDF40219191AB7F700B7A5FF;
			productRefGroup = CDF40223191AB7F700B7A5FF /* Products */;
			projectDirPath = "";
			projectRoot = "";
			targets = (
				CDF40221191AB7F700B7A5FF /* Markt */,
				CDF4023C191AB7F700B7A5FF /* MarktTests */,
			);
		};
/* End PBXProject section */

/* Begin PBXResourcesBuildPhase section */
		CDF40220191AB7F700B7A5FF /* Resources */ = {
			isa = PBXResourcesBuildPhase;
			buildActionMask = 2147483647;
			files = (
				CD3C34BB193FB47100F99532 /* rssi.model in Resources */,
				CDDB2BBA1922C33A00DF1C7F /* MKMeasureViewController.xib in Resources */,
				CD2755A31932A2AB002998D9 /* settings@2x.png in Resources */,
				CDF8309D1928A9760086097E /* MKLocationViewController.xib in Resources */,
				38DF9AB41951841B00409BEF /* MKMapViewController.xib in Resources */,
				CD242E68192A63D300DB96B2 /* MKScanViewController.xib in Resources */,
				CD242E6D192A6C6F00DB96B2 /* search@2x.png in Resources */,
				CD8CBE091937B83200356350 /* MKSettingViewController.xib in Resources */,
				CD242E71192A70C800DB96B2 /* circle@2x.png in Resources */,
				CD242E88192A7BFC00DB96B2 /* iPad2_dist.txt in Resources */,
				CD242E6B192A6B7E00DB96B2 /* location@2x.png in Resources */,
				CD242E87192A7BFC00DB96B2 /* iPad1_dist.txt in Resources */,
				CDF40230191AB7F700B7A5FF /* InfoPlist.strings in Resources */,
				CD242E89192A7BFC00DB96B2 /* iPhone1_dist.txt in Resources */,
				38DF9ABA1951A29D00409BEF /* floorMap.png in Resources */,
				38DF9ABC1951A65900409BEF /* EWI_HB9_annotated.png in Resources */,
				CD8CBE071937817B00356350 /* MKIngredientsViewController.xib in Resources */,
				CDF40238191AB7F700B7A5FF /* Images.xcassets in Resources */,
				CD242E70192A70C800DB96B2 /* circle.png in Resources */,
			);
			runOnlyForDeploymentPostprocessing = 0;
		};
		CDF4023B191AB7F700B7A5FF /* Resources */ = {
			isa = PBXResourcesBuildPhase;
			buildActionMask = 2147483647;
			files = (
				CDF40249191AB7F700B7A5FF /* InfoPlist.strings in Resources */,
			);
			runOnlyForDeploymentPostprocessing = 0;
		};
/* End PBXResourcesBuildPhase section */

/* Begin PBXShellScriptBuildPhase section */
		926612BD358249ACB5BD5F44 /* Check Pods Manifest.lock */ = {
			isa = PBXShellScriptBuildPhase;
			buildActionMask = 2147483647;
			files = (
			);
			inputPaths = (
			);
			name = "Check Pods Manifest.lock";
			outputPaths = (
			);
			runOnlyForDeploymentPostprocessing = 0;
			shellPath = /bin/sh;
			shellScript = "diff \"${PODS_ROOT}/../Podfile.lock\" \"${PODS_ROOT}/Manifest.lock\" > /dev/null\nif [[ $? != 0 ]] ; then\n    cat << EOM\nerror: The sandbox is not in sync with the Podfile.lock. Run 'pod install' or update your CocoaPods installation.\nEOM\n    exit 1\nfi\n";
			showEnvVarsInLog = 0;
		};
		AF153BFD85A946A583DBF36B /* Copy Pods Resources */ = {
			isa = PBXShellScriptBuildPhase;
			buildActionMask = 2147483647;
			files = (
			);
			inputPaths = (
			);
			name = "Copy Pods Resources";
			outputPaths = (
			);
			runOnlyForDeploymentPostprocessing = 0;
			shellPath = /bin/sh;
			shellScript = "\"${SRCROOT}/Pods/Pods-resources.sh\"\n";
			showEnvVarsInLog = 0;
		};
/* End PBXShellScriptBuildPhase section */

/* Begin PBXSourcesBuildPhase section */
		CDF4021E191AB7F700B7A5FF /* Sources */ = {
			isa = PBXSourcesBuildPhase;
			buildActionMask = 2147483647;
			files = (
				CDF40236191AB7F700B7A5FF /* MKAppDelegate.m in Sources */,
				CD242E75192A764B00DB96B2 /* MKBayesian.m in Sources */,
				38DF9AB31951841B00409BEF /* MKMapViewController.m in Sources */,
				CD3C34B9193FB35D00F99532 /* MKSVM.m in Sources */,
				CD242E67192A63D300DB96B2 /* MKScanViewController.m in Sources */,
				CDDB2BBD1922D09500DF1C7F /* MKFileManager.m in Sources */,
				CD2755A11932A21C002998D9 /* MKSettingViewController.m in Sources */,
				CDA9B3DC19234C8000D37DEE /* MKDateManager.m in Sources */,
				38DE198A1946FF2200055B0A /* MKAlphaTrimmedMeanFilter.m in Sources */,
				CDF8309C1928A9760086097E /* MKLocationViewController.m in Sources */,
				CDDB2BB91922C33A00DF1C7F /* MKMeasureViewController.m in Sources */,
				CD3C34BD193FBD5000F99532 /* svm.cpp in Sources */,
				CDF40232191AB7F700B7A5FF /* main.m in Sources */,
				CDA9B3DF19235D5900D37DEE /* MKiBeaconManager.m in Sources */,
				CD8CBE061937817B00356350 /* MKIngredientsViewController.m in Sources */,
			);
			runOnlyForDeploymentPostprocessing = 0;
		};
		CDF40239191AB7F700B7A5FF /* Sources */ = {
			isa = PBXSourcesBuildPhase;
			buildActionMask = 2147483647;
			files = (
				CDF4024B191AB7F700B7A5FF /* MarktTests.m in Sources */,
			);
			runOnlyForDeploymentPostprocessing = 0;
		};
/* End PBXSourcesBuildPhase section */

/* Begin PBXTargetDependency section */
		CDF40243191AB7F700B7A5FF /* PBXTargetDependency */ = {
			isa = PBXTargetDependency;
			target = CDF40221191AB7F700B7A5FF /* Markt */;
			targetProxy = CDF40242191AB7F700B7A5FF /* PBXContainerItemProxy */;
		};
/* End PBXTargetDependency section */

/* Begin PBXVariantGroup section */
		CDF4022E191AB7F700B7A5FF /* InfoPlist.strings */ = {
			isa = PBXVariantGroup;
			children = (
				CDF4022F191AB7F700B7A5FF /* en */,
			);
			name = InfoPlist.strings;
			sourceTree = "<group>";
		};
		CDF40247191AB7F700B7A5FF /* InfoPlist.strings */ = {
			isa = PBXVariantGroup;
			children = (
				CDF40248191AB7F700B7A5FF /* en */,
			);
			name = InfoPlist.strings;
			sourceTree = "<group>";
		};
/* End PBXVariantGroup section */

/* Begin XCBuildConfiguration section */
		CDF4024C191AB7F700B7A5FF /* Debug */ = {
			isa = XCBuildConfiguration;
			buildSettings = {
				ALWAYS_SEARCH_USER_PATHS = NO;
				CLANG_CXX_LANGUAGE_STANDARD = "gnu++0x";
				CLANG_CXX_LIBRARY = "libc++";
				CLANG_ENABLE_MODULES = YES;
				CLANG_ENABLE_OBJC_ARC = YES;
				CLANG_WARN_BOOL_CONVERSION = YES;
				CLANG_WARN_CONSTANT_CONVERSION = YES;
				CLANG_WARN_DIRECT_OBJC_ISA_USAGE = YES_ERROR;
				CLANG_WARN_EMPTY_BODY = YES;
				CLANG_WARN_ENUM_CONVERSION = YES;
				CLANG_WARN_INT_CONVERSION = YES;
				CLANG_WARN_OBJC_ROOT_CLASS = YES_ERROR;
				CLANG_WARN__DUPLICATE_METHOD_MATCH = YES;
				"CODE_SIGN_IDENTITY[sdk=iphoneos*]" = "iPhone Developer";
				COPY_PHASE_STRIP = NO;
				GCC_C_LANGUAGE_STANDARD = gnu99;
				GCC_DYNAMIC_NO_PIC = NO;
				GCC_OPTIMIZATION_LEVEL = 0;
				GCC_PREPROCESSOR_DEFINITIONS = (
					"DEBUG=1",
					"$(inherited)",
				);
				GCC_SYMBOLS_PRIVATE_EXTERN = NO;
				GCC_WARN_64_TO_32_BIT_CONVERSION = YES;
				GCC_WARN_ABOUT_RETURN_TYPE = YES_ERROR;
				GCC_WARN_UNDECLARED_SELECTOR = YES;
				GCC_WARN_UNINITIALIZED_AUTOS = YES_AGGRESSIVE;
				GCC_WARN_UNUSED_FUNCTION = YES;
				GCC_WARN_UNUSED_VARIABLE = YES;
				IPHONEOS_DEPLOYMENT_TARGET = 7.1;
				ONLY_ACTIVE_ARCH = YES;
				SDKROOT = iphoneos;
			};
			name = Debug;
		};
		CDF4024D191AB7F700B7A5FF /* Release */ = {
			isa = XCBuildConfiguration;
			buildSettings = {
				ALWAYS_SEARCH_USER_PATHS = NO;
				CLANG_CXX_LANGUAGE_STANDARD = "gnu++0x";
				CLANG_CXX_LIBRARY = "libc++";
				CLANG_ENABLE_MODULES = YES;
				CLANG_ENABLE_OBJC_ARC = YES;
				CLANG_WARN_BOOL_CONVERSION = YES;
				CLANG_WARN_CONSTANT_CONVERSION = YES;
				CLANG_WARN_DIRECT_OBJC_ISA_USAGE = YES_ERROR;
				CLANG_WARN_EMPTY_BODY = YES;
				CLANG_WARN_ENUM_CONVERSION = YES;
				CLANG_WARN_INT_CONVERSION = YES;
				CLANG_WARN_OBJC_ROOT_CLASS = YES_ERROR;
				CLANG_WARN__DUPLICATE_METHOD_MATCH = YES;
				"CODE_SIGN_IDENTITY[sdk=iphoneos*]" = "iPhone Developer";
				COPY_PHASE_STRIP = YES;
				ENABLE_NS_ASSERTIONS = NO;
				GCC_C_LANGUAGE_STANDARD = gnu99;
				GCC_WARN_64_TO_32_BIT_CONVERSION = YES;
				GCC_WARN_ABOUT_RETURN_TYPE = YES_ERROR;
				GCC_WARN_UNDECLARED_SELECTOR = YES;
				GCC_WARN_UNINITIALIZED_AUTOS = YES_AGGRESSIVE;
				GCC_WARN_UNUSED_FUNCTION = YES;
				GCC_WARN_UNUSED_VARIABLE = YES;
				IPHONEOS_DEPLOYMENT_TARGET = 7.1;
				SDKROOT = iphoneos;
				VALIDATE_PRODUCT = YES;
			};
			name = Release;
		};
		CDF4024F191AB7F700B7A5FF /* Debug */ = {
			isa = XCBuildConfiguration;
			baseConfigurationReference = 2BCF32A3FFE7448684ACDB18 /* Pods.xcconfig */;
			buildSettings = {
				ASSETCATALOG_COMPILER_APPICON_NAME = AppIcon;
				ASSETCATALOG_COMPILER_LAUNCHIMAGE_NAME = LaunchImage;
				GCC_PRECOMPILE_PREFIX_HEADER = YES;
				GCC_PREFIX_HEADER = "Markt/Markt-Prefix.pch";
				INFOPLIST_FILE = "Markt/Markt-Info.plist";
				IPHONEOS_DEPLOYMENT_TARGET = 7.0;
				LIBRARY_SEARCH_PATHS = (
					"$(inherited)",
					"$(PROJECT_DIR)",
				);
				OTHER_LDFLAGS = (
					"-ObjC",
					"-framework",
					CoreGraphics,
					"-framework",
					MobileCoreServices,
					"-framework",
					QuartzCore,
					"-framework",
					Security,
					"-framework",
					SystemConfiguration,
					"-lm",
				);
				PRODUCT_NAME = "$(TARGET_NAME)";
				WRAPPER_EXTENSION = app;
			};
			name = Debug;
		};
		CDF40250191AB7F700B7A5FF /* Release */ = {
			isa = XCBuildConfiguration;
			baseConfigurationReference = 2BCF32A3FFE7448684ACDB18 /* Pods.xcconfig */;
			buildSettings = {
				ASSETCATALOG_COMPILER_APPICON_NAME = AppIcon;
				ASSETCATALOG_COMPILER_LAUNCHIMAGE_NAME = LaunchImage;
				GCC_PRECOMPILE_PREFIX_HEADER = YES;
				GCC_PREFIX_HEADER = "Markt/Markt-Prefix.pch";
				INFOPLIST_FILE = "Markt/Markt-Info.plist";
				IPHONEOS_DEPLOYMENT_TARGET = 7.0;
				LIBRARY_SEARCH_PATHS = (
					"$(inherited)",
					"$(PROJECT_DIR)",
				);
				OTHER_LDFLAGS = (
					"-ObjC",
					"-framework",
					CoreGraphics,
					"-framework",
					MobileCoreServices,
					"-framework",
					QuartzCore,
					"-framework",
					Security,
					"-framework",
					SystemConfiguration,
					"-lm",
				);
				PRODUCT_NAME = "$(TARGET_NAME)";
				WRAPPER_EXTENSION = app;
			};
			name = Release;
		};
		CDF40252191AB7F700B7A5FF /* Debug */ = {
			isa = XCBuildConfiguration;
			buildSettings = {
				BUNDLE_LOADER = "$(BUILT_PRODUCTS_DIR)/Markt.app/Markt";
				FRAMEWORK_SEARCH_PATHS = (
					"$(SDKROOT)/Developer/Library/Frameworks",
					"$(inherited)",
					"$(DEVELOPER_FRAMEWORKS_DIR)",
				);
				GCC_PRECOMPILE_PREFIX_HEADER = YES;
				GCC_PREFIX_HEADER = "Markt/Markt-Prefix.pch";
				GCC_PREPROCESSOR_DEFINITIONS = (
					"DEBUG=1",
					"$(inherited)",
				);
				INFOPLIST_FILE = "MarktTests/MarktTests-Info.plist";
				PRODUCT_NAME = "$(TARGET_NAME)";
				TEST_HOST = "$(BUNDLE_LOADER)";
				WRAPPER_EXTENSION = xctest;
			};
			name = Debug;
		};
		CDF40253191AB7F700B7A5FF /* Release */ = {
			isa = XCBuildConfiguration;
			buildSettings = {
				BUNDLE_LOADER = "$(BUILT_PRODUCTS_DIR)/Markt.app/Markt";
				FRAMEWORK_SEARCH_PATHS = (
					"$(SDKROOT)/Developer/Library/Frameworks",
					"$(inherited)",
					"$(DEVELOPER_FRAMEWORKS_DIR)",
				);
				GCC_PRECOMPILE_PREFIX_HEADER = YES;
				GCC_PREFIX_HEADER = "Markt/Markt-Prefix.pch";
				INFOPLIST_FILE = "MarktTests/MarktTests-Info.plist";
				PRODUCT_NAME = "$(TARGET_NAME)";
				TEST_HOST = "$(BUNDLE_LOADER)";
				WRAPPER_EXTENSION = xctest;
			};
			name = Release;
		};
/* End XCBuildConfiguration section */

/* Begin XCConfigurationList section */
		CDF4021D191AB7F700B7A5FF /* Build configuration list for PBXProject "Markt" */ = {
			isa = XCConfigurationList;
			buildConfigurations = (
				CDF4024C191AB7F700B7A5FF /* Debug */,
				CDF4024D191AB7F700B7A5FF /* Release */,
			);
			defaultConfigurationIsVisible = 0;
			defaultConfigurationName = Release;
		};
		CDF4024E191AB7F700B7A5FF /* Build configuration list for PBXNativeTarget "Markt" */ = {
			isa = XCConfigurationList;
			buildConfigurations = (
				CDF4024F191AB7F700B7A5FF /* Debug */,
				CDF40250191AB7F700B7A5FF /* Release */,
			);
			defaultConfigurationIsVisible = 0;
			defaultConfigurationName = Release;
		};
		CDF40251191AB7F700B7A5FF /* Build configuration list for PBXNativeTarget "MarktTests" */ = {
			isa = XCConfigurationList;
			buildConfigurations = (
				CDF40252191AB7F700B7A5FF /* Debug */,
				CDF40253191AB7F700B7A5FF /* Release */,
			);
			defaultConfigurationIsVisible = 0;
			defaultConfigurationName = Release;
		};
/* End XCConfigurationList section */
	};
	rootObject = CDF4021A191AB7F700B7A5FF /* Project object */;
}
